
Microsoft Visual Studio Solution File, Format Version 12.00
# Visual Studio Version 17
VisualStudioVersion = 17.9.34723.18
MinimumVisualStudioVersion = 10.0.40219.1
Project("{9A19103F-16F7-4668-BE54-9A1E7A4F7556}") = "AIE_Draw", "AIE_Draw.csproj", "{65AB0844-4453-43A4-A7EA-05C91AF7C5D0}"
EndProject
Global
	GlobalSection(SolutionConfigurationPlatforms) = preSolution
		Debug|Any CPU = Debug|Any CPU
		Release|Any CPU = Release|Any CPU
	EndGlobalSection
	GlobalSection(ProjectConfigurationPlatforms) = postSolution
		{65AB0844-4453-43A4-A7EA-05C91AF7C5D0}.Debug|Any CPU.ActiveCfg = Debug|Any CPU
		{65AB0844-4453-43A4-A7EA-05C91AF7C5D0}.Debug|Any CPU.Build.0 = Debug|Any CPU
		{65AB0844-4453-43A4-A7EA-05C91AF7C5D0}.Release|Any CPU.ActiveCfg = Release|Any CPU
		{65AB0844-4453-43A4-A7EA-05C91AF7C5D0}.Release|Any CPU.Build.0 = Release|Any CPU
	EndGlobalSection
	GlobalSection(SolutionProperties) = preSolution
		HideSolutionNode = FALSE
	EndGlobalSection
	GlobalSection(ExtensibilityGlobals) = postSolution
		SolutionGuid = {02105354-33C5-48DC-9E11-3335BB9869B8}
	EndGlobalSection
EndGlobal
